
Microsoft Visual Studio Solution File, Format Version 12.00
# Visual Studio Version 16
VisualStudioVersion = 16.0.30002.166
MinimumVisualStudioVersion = 10.0.40219.1
Project("{9A19103F-16F7-4668-BE54-9A1E7A4F7556}") = "ProductMicroservice", "ProductMicroservice\ProductMicroservice.csproj", "{93643B86-9D87-4CC2-B9AF-5B41E477D455}"
EndProject
Project("{9A19103F-16F7-4668-BE54-9A1E7A4F7556}") = "APIGateway", "APIGateway\APIGateway.csproj", "{F085F324-70FF-4853-91D4-CF93638C588A}"
EndProject
Project("{FAE04EC0-301F-11D3-BF4B-00C04F79EFBC}") = "StudentMicroservice", "StudentMicroservice\StudentMicroservice.csproj", "{AB5DBB80-B37B-4B5A-9371-71A2916EB66D}"
EndProject
Global
	GlobalSection(SolutionConfigurationPlatforms) = preSolution
		Debug|Any CPU = Debug|Any CPU
		Release|Any CPU = Release|Any CPU
	EndGlobalSection
	GlobalSection(ProjectConfigurationPlatforms) = postSolution
		{93643B86-9D87-4CC2-B9AF-5B41E477D455}.Debug|Any CPU.ActiveCfg = Debug|Any CPU
		{93643B86-9D87-4CC2-B9AF-5B41E477D455}.Debug|Any CPU.Build.0 = Debug|Any CPU
		{93643B86-9D87-4CC2-B9AF-5B41E477D455}.Release|Any CPU.ActiveCfg = Release|Any CPU
		{93643B86-9D87-4CC2-B9AF-5B41E477D455}.Release|Any CPU.Build.0 = Release|Any CPU
		{F085F324-70FF-4853-91D4-CF93638C588A}.Debug|Any CPU.ActiveCfg = Debug|Any CPU
		{F085F324-70FF-4853-91D4-CF93638C588A}.Debug|Any CPU.Build.0 = Debug|Any CPU
		{F085F324-70FF-4853-91D4-CF93638C588A}.Release|Any CPU.ActiveCfg = Release|Any CPU
		{F085F324-70FF-4853-91D4-CF93638C588A}.Release|Any CPU.Build.0 = Release|Any CPU
		{AB5DBB80-B37B-4B5A-9371-71A2916EB66D}.Debug|Any CPU.ActiveCfg = Debug|Any CPU
		{AB5DBB80-B37B-4B5A-9371-71A2916EB66D}.Debug|Any CPU.Build.0 = Debug|Any CPU
		{AB5DBB80-B37B-4B5A-9371-71A2916EB66D}.Release|Any CPU.ActiveCfg = Release|Any CPU
		{AB5DBB80-B37B-4B5A-9371-71A2916EB66D}.Release|Any CPU.Build.0 = Release|Any CPU
	EndGlobalSection
	GlobalSection(SolutionProperties) = preSolution
		HideSolutionNode = FALSE
	EndGlobalSection
	GlobalSection(ExtensibilityGlobals) = postSolution
		SolutionGuid = {57273AFD-DC29-4123-B92F-9B8F03447B44}
	EndGlobalSection
EndGlobal
