
Microsoft Visual Studio Solution File, Format Version 12.00
# Visual Studio Version 16
VisualStudioVersion = 16.0.30002.166
MinimumVisualStudioVersion = 10.0.40219.1
Project("{9A19103F-16F7-4668-BE54-9A1E7A4F7556}") = "ProductMicroservice", "ProductMicroservice.csproj", "{364CA1A7-FC00-4B0D-B3B5-5F8246BAB1B3}"
EndProject
Project("{FAE04EC0-301F-11D3-BF4B-00C04F79EFBC}") = "APIGateway", "..\APIGateway\APIGateway.csproj", "{F52E747E-10CF-4337-968C-F31D4450E056}"
EndProject
Global
	GlobalSection(SolutionConfigurationPlatforms) = preSolution
		Debug|Any CPU = Debug|Any CPU
		Release|Any CPU = Release|Any CPU
	EndGlobalSection
	GlobalSection(ProjectConfigurationPlatforms) = postSolution
		{364CA1A7-FC00-4B0D-B3B5-5F8246BAB1B3}.Debug|Any CPU.ActiveCfg = Debug|Any CPU
		{364CA1A7-FC00-4B0D-B3B5-5F8246BAB1B3}.Debug|Any CPU.Build.0 = Debug|Any CPU
		{364CA1A7-FC00-4B0D-B3B5-5F8246BAB1B3}.Release|Any CPU.ActiveCfg = Release|Any CPU
		{364CA1A7-FC00-4B0D-B3B5-5F8246BAB1B3}.Release|Any CPU.Build.0 = Release|Any CPU
		{F52E747E-10CF-4337-968C-F31D4450E056}.Debug|Any CPU.ActiveCfg = Debug|Any CPU
		{F52E747E-10CF-4337-968C-F31D4450E056}.Debug|Any CPU.Build.0 = Debug|Any CPU
		{F52E747E-10CF-4337-968C-F31D4450E056}.Release|Any CPU.ActiveCfg = Release|Any CPU
		{F52E747E-10CF-4337-968C-F31D4450E056}.Release|Any CPU.Build.0 = Release|Any CPU
	EndGlobalSection
	GlobalSection(SolutionProperties) = preSolution
		HideSolutionNode = FALSE
	EndGlobalSection
	GlobalSection(ExtensibilityGlobals) = postSolution
		SolutionGuid = {5C073EDF-B411-4C0C-8DD9-5E79C74311C9}
	EndGlobalSection
EndGlobal
